// !$*UTF8*$!
{
	archiveVersion = 1;
	classes = {
	};
	objectVersion = 46;
	objects = {

/* Begin PBXBuildFile section */
		613E61681B5E7D200020EC25 /* main.m in Sources */ = {isa = PBXBuildFile; fileRef = 613E61671B5E7D200020EC25 /* main.m */; };
		613E616A1B5E7D410020EC25 /* Opee.framework in Frameworks */ = {isa = PBXBuildFile; fileRef = 613E61691B5E7D410020EC25 /* Opee.framework */; };
/* End PBXBuildFile section */

/* Begin PBXFileReference section */
		613E615E1B5E7CE80020EC25 /* OpeeCrashReporter.bundle */ = {isa = PBXFileReference; explicitFileType = wrapper.cfbundle; includeInIndex = 0; path = OpeeCrashReporter.bundle; sourceTree = BUILT_PRODUCTS_DIR; };
		613E61611B5E7CE80020EC25 /* Info.plist */ = {isa = PBXFileReference; lastKnownFileType = text.plist.xml; path = Info.plist; sourceTree = "<group>"; };
		613E61671B5E7D200020EC25 /* main.m */ = {isa = PBXFileReference; fileEncoding = 4; lastKnownFileType = sourcecode.c.objc; path = main.m; sourceTree = "<group>"; };
		613E61691B5E7D410020EC25 /* Opee.framework */ = {isa = PBXFileReference; lastKnownFileType = wrapper.framework; name = Opee.framework; path = ../../../../../Library/Frameworks/Opee.framework; sourceTree = "<group>"; };
/* End PBXFileReference section */

/* Begin PBXFrameworksBuildPhase section */
		613E615B1B5E7CE80020EC25 /* Frameworks */ = {
			isa = PBXFrameworksBuildPhase;
			buildActionMask = 2147483647;
			files = (
				613E616A1B5E7D410020EC25 /* Opee.framework in Frameworks */,
			);
			runOnlyForDeploymentPostprocessing = 0;
		};
/* End PBXFrameworksBuildPhase section */

/* Begin PBXGroup section */
		613E61551B5E7CE80020EC25 = {
			isa = PBXGroup;
			children = (
				613E61691B5E7D410020EC25 /* Opee.framework */,
				613E61601B5E7CE80020EC25 /* OpeeCrashReporter */,
				613E615F1B5E7CE80020EC25 /* Products */,
			);
			sourceTree = "<group>";
		};
		613E615F1B5E7CE80020EC25 /* Products */ = {
			isa = PBXGroup;
			children = (
				613E615E1B5E7CE80020EC25 /* OpeeCrashReporter.bundle */,
			);
			name = Products;
			sourceTree = "<group>";
		};
		613E61601B5E7CE80020EC25 /* OpeeCrashReporter */ = {
			isa = PBXGroup;
			children = (
				613E61611B5E7CE80020EC25 /* Info.plist */,
				613E61671B5E7D200020EC25 /* main.m */,
			);
			path = OpeeCrashReporter;
			sourceTree = "<group>";
		};
/* End PBXGroup section */

/* Begin PBXNativeTarget section */
		613E615D1B5E7CE80020EC25 /* OpeeCrashReporter */ = {
			isa = PBXNativeTarget;
			buildConfigurationList = 613E61641B5E7CE80020EC25 /* Build configuration list for PBXNativeTarget "OpeeCrashReporter" */;
			buildPhases = (
				613E615A1B5E7CE80020EC25 /* Sources */,
				613E615B1B5E7CE80020EC25 /* Frameworks */,
				613E615C1B5E7CE80020EC25 /* Resources */,
			);
			buildRules = (
			);
			dependencies = (
			);
			name = OpeeCrashReporter;
			productName = OpeeCrashReporter;
			productReference = 613E615E1B5E7CE80020EC25 /* OpeeCrashReporter.bundle */;
			productType = "com.apple.product-type.bundle";
		};
/* End PBXNativeTarget section */

/* Begin PBXProject section */
		613E61561B5E7CE80020EC25 /* Project object */ = {
			isa = PBXProject;
			attributes = {
				LastUpgradeCheck = 0700;
				ORGANIZATIONNAME = "Mustafa Gezen";
				TargetAttributes = {
					613E615D1B5E7CE80020EC25 = {
						CreatedOnToolsVersion = 7.0;
					};
				};
			};
			buildConfigurationList = 613E61591B5E7CE80020EC25 /* Build configuration list for PBXProject "OpeeCrashReporter" */;
			compatibilityVersion = "Xcode 3.2";
			developmentRegion = English;
			hasScannedForEncodings = 0;
			knownRegions = (
				en,
			);
			mainGroup = 613E61551B5E7CE80020EC25;
			productRefGroup = 613E615F1B5E7CE80020EC25 /* Products */;
			projectDirPath = "";
			projectRoot = "";
			targets = (
				613E615D1B5E7CE80020EC25 /* OpeeCrashReporter */,
			);
		};
/* End PBXProject section */

/* Begin PBXResourcesBuildPhase section */
		613E615C1B5E7CE80020EC25 /* Resources */ = {
			isa = PBXResourcesBuildPhase;
			buildActionMask = 2147483647;
			files = (
			);
			runOnlyForDeploymentPostprocessing = 0;
		};
/* End PBXResourcesBuildPhase section */

/* Begin PBXSourcesBuildPhase section */
		613E615A1B5E7CE80020EC25 /* Sources */ = {
			isa = PBXSourcesBuildPhase;
			buildActionMask = 2147483647;
			files = (
				613E61681B5E7D200020EC25 /* main.m in Sources */,
			);
			runOnlyForDeploymentPostprocessing = 0;
		};
/* End PBXSourcesBuildPhase section */

/* Begin XCBuildConfiguration section */
		613E61621B5E7CE80020EC25 /* Debug */ = {
			isa = XCBuildConfiguration;
			buildSettings = {
				ALWAYS_SEARCH_USER_PATHS = NO;
				CLANG_CXX_LANGUAGE_STANDARD = "gnu++0x";
				CLANG_CXX_LIBRARY = "libc++";
				CLANG_ENABLE_MODULES = YES;
				CLANG_ENABLE_OBJC_ARC = YES;
				CLANG_WARN_BOOL_CONVERSION = YES;
				CLANG_WARN_CONSTANT_CONVERSION = YES;
				CLANG_WARN_DIRECT_OBJC_ISA_USAGE = YES_ERROR;
				CLANG_WARN_EMPTY_BODY = YES;
				CLANG_WARN_ENUM_CONVERSION = YES;
				CLANG_WARN_INT_CONVERSION = YES;
				CLANG_WARN_OBJC_ROOT_CLASS = YES_ERROR;
				CLANG_WARN_UNREACHABLE_CODE = YES;
				CLANG_WARN__DUPLICATE_METHOD_MATCH = YES;
				COPY_PHASE_STRIP = NO;
				DEBUG_INFORMATION_FORMAT = dwarf;
				ENABLE_STRICT_OBJC_MSGSEND = YES;
				ENABLE_TESTABILITY = YES;
				GCC_C_LANGUAGE_STANDARD = gnu99;
				GCC_DYNAMIC_NO_PIC = NO;
				GCC_NO_COMMON_BLOCKS = YES;
				GCC_OPTIMIZATION_LEVEL = 0;
				GCC_PREPROCESSOR_DEFINITIONS = (
					"DEBUG=1",
					"$(inherited)",
				);
				GCC_WARN_64_TO_32_BIT_CONVERSION = YES;
				GCC_WARN_ABOUT_RETURN_TYPE = YES_ERROR;
				GCC_WARN_UNDECLARED_SELECTOR = YES;
				GCC_WARN_UNINITIALIZED_AUTOS = YES_AGGRESSIVE;
				GCC_WARN_UNUSED_FUNCTION = YES;
				GCC_WARN_UNUSED_VARIABLE = YES;
				MACOSX_DEPLOYMENT_TARGET = 10.11;
				MTL_ENABLE_DEBUG_INFO = YES;
				ONLY_ACTIVE_ARCH = YES;
				SDKROOT = macosx;
			};
			name = Debug;
		};
		613E61631B5E7CE80020EC25 /* Release */ = {
			isa = XCBuildConfiguration;
			buildSettings = {
				ALWAYS_SEARCH_USER_PATHS = NO;
				CLANG_CXX_LANGUAGE_STANDARD = "gnu++0x";
				CLANG_CXX_LIBRARY = "libc++";
				CLANG_ENABLE_MODULES = YES;
				CLANG_ENABLE_OBJC_ARC = YES;
				CLANG_WARN_BOOL_CONVERSION = YES;
				CLANG_WARN_CONSTANT_CONVERSION = YES;
				CLANG_WARN_DIRECT_OBJC_ISA_USAGE = YES_ERROR;
				CLANG_WARN_EMPTY_BODY = YES;
				CLANG_WARN_ENUM_CONVERSION = YES;
				CLANG_WARN_INT_CONVERSION = YES;
				CLANG_WARN_OBJC_ROOT_CLASS = YES_ERROR;
				CLANG_WARN_UNREACHABLE_CODE = YES;
				CLANG_WARN__DUPLICATE_METHOD_MATCH = YES;
				COPY_PHASE_STRIP = NO;
				DEBUG_INFORMATION_FORMAT = "dwarf-with-dsym";
				ENABLE_NS_ASSERTIONS = NO;
				ENABLE_STRICT_OBJC_MSGSEND = YES;
				GCC_C_LANGUAGE_STANDARD = gnu99;
				GCC_NO_COMMON_BLOCKS = YES;
				GCC_WARN_64_TO_32_BIT_CONVERSION = YES;
				GCC_WARN_ABOUT_RETURN_TYPE = YES_ERROR;
				GCC_WARN_UNDECLARED_SELECTOR = YES;
				GCC_WARN_UNINITIALIZED_AUTOS = YES_AGGRESSIVE;
				GCC_WARN_UNUSED_FUNCTION = YES;
				GCC_WARN_UNUSED_VARIABLE = YES;
				MACOSX_DEPLOYMENT_TARGET = 10.11;
				MTL_ENABLE_DEBUG_INFO = NO;
				SDKROOT = macosx;
			};
			name = Release;
		};
		613E61651B5E7CE80020EC25 /* Debug */ = {
			isa = XCBuildConfiguration;
			buildSettings = {
				COMBINE_HIDPI_IMAGES = YES;
				FRAMEWORK_SEARCH_PATHS = (
					"$(inherited)",
					"$(LOCAL_LIBRARY_DIR)/Frameworks",
				);
				INFOPLIST_FILE = OpeeCrashReporter/Info.plist;
				INSTALL_PATH = "$(LOCAL_LIBRARY_DIR)/Bundles";
				PRODUCT_BUNDLE_IDENTIFIER = io.mstg.OpeeCrashReporter;
				PRODUCT_NAME = "$(TARGET_NAME)";
				SKIP_INSTALL = YES;
				WRAPPER_EXTENSION = bundle;
			};
			name = Debug;
		};
		613E61661B5E7CE80020EC25 /* Release */ = {
			isa = XCBuildConfiguration;
			buildSettings = {
				COMBINE_HIDPI_IMAGES = YES;
				FRAMEWORK_SEARCH_PATHS = (
					"$(inherited)",
					"$(LOCAL_LIBRARY_DIR)/Frameworks",
				);
				INFOPLIST_FILE = OpeeCrashReporter/Info.plist;
				INSTALL_PATH = "$(LOCAL_LIBRARY_DIR)/Bundles";
				PRODUCT_BUNDLE_IDENTIFIER = io.mstg.OpeeCrashReporter;
				PRODUCT_NAME = "$(TARGET_NAME)";
				SKIP_INSTALL = YES;
				WRAPPER_EXTENSION = bundle;
			};
			name = Release;
		};
/* End XCBuildConfiguration section */

/* Begin XCConfigurationList section */
		613E61591B5E7CE80020EC25 /* Build configuration list for PBXProject "OpeeCrashReporter" */ = {
			isa = XCConfigurationList;
			buildConfigurations = (
				613E61621B5E7CE80020EC25 /* Debug */,
				613E61631B5E7CE80020EC25 /* Release */,
			);
			defaultConfigurationIsVisible = 0;
			defaultConfigurationName = Release;
		};
		613E61641B5E7CE80020EC25 /* Build configuration list for PBXNativeTarget "OpeeCrashReporter" */ = {
			isa = XCConfigurationList;
			buildConfigurations = (
				613E61651B5E7CE80020EC25 /* Debug */,
				613E61661B5E7CE80020EC25 /* Release */,
			);
			defaultConfigurationIsVisible = 0;
			defaultConfigurationName = Release;
		};
/* End XCConfigurationList section */
	};
	rootObject = 613E61561B5E7CE80020EC25 /* Project object */;
}
